
Microsoft Visual Studio Solution File, Format Version 12.00
# Visual Studio 14
VisualStudioVersion = 14.0.25420.1
MinimumVisualStudioVersion = 10.0.40219.1
Project("{FAE04EC0-301F-11D3-BF4B-00C04F79EFBC}") = "clAuthorizeCC", "clAuthorizeCC\clAuthorizeCC.csproj", "{452243F9-3C7A-4914-87C8-E39C47D1E38E}"
	ProjectSection(ProjectDependencies) = postProject
		{A2FA8A39-F0EF-422E-BC53-B4E0A45ABA45} = {A2FA8A39-F0EF-422E-BC53-B4E0A45ABA45}
	EndProjectSection
EndProject
Project("{FAE04EC0-301F-11D3-BF4B-00C04F79EFBC}") = "Authorize.NET_API_UnitTests", "Authorize.NET_API_UnitTests\Authorize.NET_API_UnitTests.csproj", "{8D368BC9-ED59-4030-B2EF-103D26BB7F38}"
	ProjectSection(ProjectDependencies) = postProject
		{A2FA8A39-F0EF-422E-BC53-B4E0A45ABA45} = {A2FA8A39-F0EF-422E-BC53-B4E0A45ABA45}
	EndProjectSection
EndProject
Project("{FAE04EC0-301F-11D3-BF4B-00C04F79EFBC}") = "Authorize.NET_API", "Authorize.NET_API\Authorize.NET_API.csproj", "{A2FA8A39-F0EF-422E-BC53-B4E0A45ABA45}"
EndProject
Global
	GlobalSection(SolutionConfigurationPlatforms) = preSolution
		Debug|Any CPU = Debug|Any CPU
		Release|Any CPU = Release|Any CPU
	EndGlobalSection
	GlobalSection(ProjectConfigurationPlatforms) = postSolution
		{452243F9-3C7A-4914-87C8-E39C47D1E38E}.Debug|Any CPU.ActiveCfg = Debug|Any CPU
		{452243F9-3C7A-4914-87C8-E39C47D1E38E}.Debug|Any CPU.Build.0 = Debug|Any CPU
		{452243F9-3C7A-4914-87C8-E39C47D1E38E}.Release|Any CPU.ActiveCfg = Release|Any CPU
		{452243F9-3C7A-4914-87C8-E39C47D1E38E}.Release|Any CPU.Build.0 = Release|Any CPU
		{8D368BC9-ED59-4030-B2EF-103D26BB7F38}.Debug|Any CPU.ActiveCfg = Debug|Any CPU
		{8D368BC9-ED59-4030-B2EF-103D26BB7F38}.Debug|Any CPU.Build.0 = Debug|Any CPU
		{8D368BC9-ED59-4030-B2EF-103D26BB7F38}.Release|Any CPU.ActiveCfg = Release|Any CPU
		{8D368BC9-ED59-4030-B2EF-103D26BB7F38}.Release|Any CPU.Build.0 = Release|Any CPU
		{A2FA8A39-F0EF-422E-BC53-B4E0A45ABA45}.Debug|Any CPU.ActiveCfg = Debug|Any CPU
		{A2FA8A39-F0EF-422E-BC53-B4E0A45ABA45}.Debug|Any CPU.Build.0 = Debug|Any CPU
		{A2FA8A39-F0EF-422E-BC53-B4E0A45ABA45}.Release|Any CPU.ActiveCfg = Release|Any CPU
		{A2FA8A39-F0EF-422E-BC53-B4E0A45ABA45}.Release|Any CPU.Build.0 = Release|Any CPU
	EndGlobalSection
	GlobalSection(SolutionProperties) = preSolution
		HideSolutionNode = FALSE
	EndGlobalSection
EndGlobal
